// !$*UTF8*$!
{
	archiveVersion = 1;
	classes = {
	};
	objectVersion = 46;
	objects = {

/* Begin PBXBuildFile section */
		837A036C1CB2E1EB00A5E1E6 /* libJavelinPattern.OSX.a in Frameworks */ = {isa = PBXBuildFile; fileRef = 837A036B1CB2E1EB00A5E1E6 /* libJavelinPattern.OSX.a */; };
		839798D11C81742C000A261C /* decompress.cpp in Sources */ = {isa = PBXBuildFile; fileRef = 839798BB1C81742C000A261C /* decompress.cpp */; };
		839798D21C81742C000A261C /* ignore.cpp in Sources */ = {isa = PBXBuildFile; fileRef = 839798BD1C81742C000A261C /* ignore.cpp */; };
		839798D31C81742C000A261C /* lang.cpp in Sources */ = {isa = PBXBuildFile; fileRef = 839798BF1C81742C000A261C /* lang.cpp */; };
		839798D41C81742C000A261C /* log.cpp in Sources */ = {isa = PBXBuildFile; fileRef = 839798C11C81742C000A261C /* log.cpp */; };
		839798D51C81742C000A261C /* main.cpp in Sources */ = {isa = PBXBuildFile; fileRef = 839798C31C81742C000A261C /* main.cpp */; };
		839798D61C81742C000A261C /* options.cpp in Sources */ = {isa = PBXBuildFile; fileRef = 839798C41C81742C000A261C /* options.cpp */; };
		839798D71C81742C000A261C /* print_w32.cpp in Sources */ = {isa = PBXBuildFile; fileRef = 839798C61C81742C000A261C /* print_w32.cpp */; };
		839798D81C81742C000A261C /* print.cpp in Sources */ = {isa = PBXBuildFile; fileRef = 839798C71C81742C000A261C /* print.cpp */; };
		839798D91C81742C000A261C /* scandir.cpp in Sources */ = {isa = PBXBuildFile; fileRef = 839798C91C81742C000A261C /* scandir.cpp */; };
		839798DA1C81742C000A261C /* search.cpp in Sources */ = {isa = PBXBuildFile; fileRef = 839798CB1C81742C000A261C /* search.cpp */; };
		839798DB1C81742C000A261C /* util.cpp in Sources */ = {isa = PBXBuildFile; fileRef = 839798CF1C81742C000A261C /* util.cpp */; };
		839798E21C817701000A261C /* libz.tbd in Frameworks */ = {isa = PBXBuildFile; fileRef = 839798E11C817701000A261C /* libz.tbd */; };
/* End PBXBuildFile section */

/* Begin PBXCopyFilesBuildPhase section */
		839798AE1C817402000A261C /* CopyFiles */ = {
			isa = PBXCopyFilesBuildPhase;
			buildActionMask = 2147483647;
			dstPath = /usr/share/man/man1/;
			dstSubfolderSpec = 0;
			files = (
			);
			runOnlyForDeploymentPostprocessing = 1;
		};
/* End PBXCopyFilesBuildPhase section */

/* Begin PBXFileReference section */
		837A03691CB2CC9700A5E1E6 /* libpcre.a */ = {isa = PBXFileReference; lastKnownFileType = archive.ar; name = libpcre.a; path = "../../../pcre-8.38/.libs/libpcre.a"; sourceTree = "<group>"; };
		837A036B1CB2E1EB00A5E1E6 /* libJavelinPattern.OSX.a */ = {isa = PBXFileReference; lastKnownFileType = archive.ar; name = libJavelinPattern.OSX.a; path = "../../../../../Library/Developer/Xcode/DerivedData/Javelin-ckygltlyavnenpbguxrnxuvkizaq/Build/Products/Final/libJavelinPattern.OSX.a"; sourceTree = "<group>"; };
		839798B01C817402000A261C /* ag */ = {isa = PBXFileReference; explicitFileType = "compiled.mach-o.executable"; includeInIndex = 0; path = ag; sourceTree = BUILT_PRODUCTS_DIR; };
		839798BA1C81742C000A261C /* config.h */ = {isa = PBXFileReference; fileEncoding = 4; lastKnownFileType = sourcecode.c.h; name = config.h; path = ../../src/config.h; sourceTree = "<group>"; };
		839798BB1C81742C000A261C /* decompress.cpp */ = {isa = PBXFileReference; fileEncoding = 4; lastKnownFileType = sourcecode.cpp.cpp; name = decompress.cpp; path = ../../src/decompress.cpp; sourceTree = "<group>"; };
		839798BC1C81742C000A261C /* decompress.h */ = {isa = PBXFileReference; fileEncoding = 4; lastKnownFileType = sourcecode.c.h; name = decompress.h; path = ../../src/decompress.h; sourceTree = "<group>"; };
		839798BD1C81742C000A261C /* ignore.cpp */ = {isa = PBXFileReference; fileEncoding = 4; lastKnownFileType = sourcecode.cpp.cpp; name = ignore.cpp; path = ../../src/ignore.cpp; sourceTree = "<group>"; };
		839798BE1C81742C000A261C /* ignore.h */ = {isa = PBXFileReference; fileEncoding = 4; lastKnownFileType = sourcecode.c.h; name = ignore.h; path = ../../src/ignore.h; sourceTree = "<group>"; };
		839798BF1C81742C000A261C /* lang.cpp */ = {isa = PBXFileReference; fileEncoding = 4; lastKnownFileType = sourcecode.cpp.cpp; name = lang.cpp; path = ../../src/lang.cpp; sourceTree = "<group>"; };
		839798C01C81742C000A261C /* lang.h */ = {isa = PBXFileReference; fileEncoding = 4; lastKnownFileType = sourcecode.c.h; name = lang.h; path = ../../src/lang.h; sourceTree = "<group>"; };
		839798C11C81742C000A261C /* log.cpp */ = {isa = PBXFileReference; fileEncoding = 4; lastKnownFileType = sourcecode.cpp.cpp; name = log.cpp; path = ../../src/log.cpp; sourceTree = "<group>"; };
		839798C21C81742C000A261C /* log.h */ = {isa = PBXFileReference; fileEncoding = 4; lastKnownFileType = sourcecode.c.h; name = log.h; path = ../../src/log.h; sourceTree = "<group>"; };
		839798C31C81742C000A261C /* main.cpp */ = {isa = PBXFileReference; fileEncoding = 4; lastKnownFileType = sourcecode.cpp.cpp; name = main.cpp; path = ../../src/main.cpp; sourceTree = "<group>"; };
		839798C41C81742C000A261C /* options.cpp */ = {isa = PBXFileReference; fileEncoding = 4; lastKnownFileType = sourcecode.cpp.cpp; name = options.cpp; path = ../../src/options.cpp; sourceTree = "<group>"; };
		839798C51C81742C000A261C /* options.h */ = {isa = PBXFileReference; fileEncoding = 4; lastKnownFileType = sourcecode.c.h; name = options.h; path = ../../src/options.h; sourceTree = "<group>"; };
		839798C61C81742C000A261C /* print_w32.cpp */ = {isa = PBXFileReference; fileEncoding = 4; lastKnownFileType = sourcecode.cpp.cpp; name = print_w32.cpp; path = ../../src/print_w32.cpp; sourceTree = "<group>"; };
		839798C71C81742C000A261C /* print.cpp */ = {isa = PBXFileReference; fileEncoding = 4; lastKnownFileType = sourcecode.cpp.cpp; name = print.cpp; path = ../../src/print.cpp; sourceTree = "<group>"; };
		839798C81C81742C000A261C /* print.h */ = {isa = PBXFileReference; fileEncoding = 4; lastKnownFileType = sourcecode.c.h; name = print.h; path = ../../src/print.h; sourceTree = "<group>"; };
		839798C91C81742C000A261C /* scandir.cpp */ = {isa = PBXFileReference; fileEncoding = 4; lastKnownFileType = sourcecode.cpp.cpp; name = scandir.cpp; path = ../../src/scandir.cpp; sourceTree = "<group>"; };
		839798CA1C81742C000A261C /* scandir.h */ = {isa = PBXFileReference; fileEncoding = 4; lastKnownFileType = sourcecode.c.h; name = scandir.h; path = ../../src/scandir.h; sourceTree = "<group>"; };
		839798CB1C81742C000A261C /* search.cpp */ = {isa = PBXFileReference; fileEncoding = 4; lastKnownFileType = sourcecode.cpp.cpp; name = search.cpp; path = ../../src/search.cpp; sourceTree = "<group>"; };
		839798CC1C81742C000A261C /* search.h */ = {isa = PBXFileReference; fileEncoding = 4; lastKnownFileType = sourcecode.c.h; name = search.h; path = ../../src/search.h; sourceTree = "<group>"; };
		839798CE1C81742C000A261C /* uthash.h */ = {isa = PBXFileReference; fileEncoding = 4; lastKnownFileType = sourcecode.c.h; name = uthash.h; path = ../../src/uthash.h; sourceTree = "<group>"; };
		839798CF1C81742C000A261C /* util.cpp */ = {isa = PBXFileReference; fileEncoding = 4; lastKnownFileType = sourcecode.cpp.cpp; name = util.cpp; path = ../../src/util.cpp; sourceTree = "<group>"; };
		839798D01C81742C000A261C /* util.h */ = {isa = PBXFileReference; fileEncoding = 4; lastKnownFileType = sourcecode.c.h; name = util.h; path = ../../src/util.h; sourceTree = "<group>"; };
		839798E11C817701000A261C /* libz.tbd */ = {isa = PBXFileReference; lastKnownFileType = "sourcecode.text-based-dylib-definition"; name = libz.tbd; path = usr/lib/libz.tbd; sourceTree = SDKROOT; };
/* End PBXFileReference section */

/* Begin PBXFrameworksBuildPhase section */
		839798AD1C817402000A261C /* Frameworks */ = {
			isa = PBXFrameworksBuildPhase;
			buildActionMask = 2147483647;
			files = (
				837A036C1CB2E1EB00A5E1E6 /* libJavelinPattern.OSX.a in Frameworks */,
				839798E21C817701000A261C /* libz.tbd in Frameworks */,
			);
			runOnlyForDeploymentPostprocessing = 0;
		};
/* End PBXFrameworksBuildPhase section */

/* Begin PBXGroup section */
		839798A71C817402000A261C = {
			isa = PBXGroup;
			children = (
				839798E11C817701000A261C /* libz.tbd */,
				839798B21C817402000A261C /* ag */,
				839798B11C817402000A261C /* Products */,
			);
			sourceTree = "<group>";
		};
		839798B11C817402000A261C /* Products */ = {
			isa = PBXGroup;
			children = (
				839798B01C817402000A261C /* ag */,
			);
			name = Products;
			sourceTree = "<group>";
		};
		839798B21C817402000A261C /* ag */ = {
			isa = PBXGroup;
			children = (
				839798BA1C81742C000A261C /* config.h */,
				839798BB1C81742C000A261C /* decompress.cpp */,
				839798BC1C81742C000A261C /* decompress.h */,
				839798BD1C81742C000A261C /* ignore.cpp */,
				839798BE1C81742C000A261C /* ignore.h */,
				839798BF1C81742C000A261C /* lang.cpp */,
				839798C01C81742C000A261C /* lang.h */,
				839798C11C81742C000A261C /* log.cpp */,
				839798C21C81742C000A261C /* log.h */,
				839798C31C81742C000A261C /* main.cpp */,
				839798C41C81742C000A261C /* options.cpp */,
				839798C51C81742C000A261C /* options.h */,
				839798C61C81742C000A261C /* print_w32.cpp */,
				839798C71C81742C000A261C /* print.cpp */,
				839798C81C81742C000A261C /* print.h */,
				839798C91C81742C000A261C /* scandir.cpp */,
				839798CA1C81742C000A261C /* scandir.h */,
				839798CB1C81742C000A261C /* search.cpp */,
				839798CC1C81742C000A261C /* search.h */,
				839798CE1C81742C000A261C /* uthash.h */,
				839798CF1C81742C000A261C /* util.cpp */,
				839798D01C81742C000A261C /* util.h */,
				837A03691CB2CC9700A5E1E6 /* libpcre.a */,
				837A036B1CB2E1EB00A5E1E6 /* libJavelinPattern.OSX.a */,
			);
			path = ag;
			sourceTree = "<group>";
		};
/* End PBXGroup section */

/* Begin PBXNativeTarget section */
		839798AF1C817402000A261C /* ag */ = {
			isa = PBXNativeTarget;
			buildConfigurationList = 839798B71C817402000A261C /* Build configuration list for PBXNativeTarget "ag" */;
			buildPhases = (
				839798AC1C817402000A261C /* Sources */,
				839798AD1C817402000A261C /* Frameworks */,
				839798AE1C817402000A261C /* CopyFiles */,
			);
			buildRules = (
			);
			dependencies = (
			);
			name = ag;
			productName = ag;
			productReference = 839798B01C817402000A261C /* ag */;
			productType = "com.apple.product-type.tool";
		};
/* End PBXNativeTarget section */

/* Begin PBXProject section */
		839798A81C817402000A261C /* Project object */ = {
			isa = PBXProject;
			attributes = {
				LastUpgradeCheck = 0720;
				ORGANIZATIONNAME = "Jeffrey Lim";
				TargetAttributes = {
					839798AF1C817402000A261C = {
						CreatedOnToolsVersion = 7.2.1;
					};
				};
			};
			buildConfigurationList = 839798AB1C817402000A261C /* Build configuration list for PBXProject "ag" */;
			compatibilityVersion = "Xcode 3.2";
			developmentRegion = English;
			hasScannedForEncodings = 0;
			knownRegions = (
				en,
			);
			mainGroup = 839798A71C817402000A261C;
			productRefGroup = 839798B11C817402000A261C /* Products */;
			projectDirPath = "";
			projectRoot = "";
			targets = (
				839798AF1C817402000A261C /* ag */,
			);
		};
/* End PBXProject section */

/* Begin PBXSourcesBuildPhase section */
		839798AC1C817402000A261C /* Sources */ = {
			isa = PBXSourcesBuildPhase;
			buildActionMask = 2147483647;
			files = (
				839798D51C81742C000A261C /* main.cpp in Sources */,
				839798DA1C81742C000A261C /* search.cpp in Sources */,
				839798D91C81742C000A261C /* scandir.cpp in Sources */,
				839798D41C81742C000A261C /* log.cpp in Sources */,
				839798D11C81742C000A261C /* decompress.cpp in Sources */,
				839798D31C81742C000A261C /* lang.cpp in Sources */,
				839798D61C81742C000A261C /* options.cpp in Sources */,
				839798D81C81742C000A261C /* print.cpp in Sources */,
				839798DB1C81742C000A261C /* util.cpp in Sources */,
				839798D71C81742C000A261C /* print_w32.cpp in Sources */,
				839798D21C81742C000A261C /* ignore.cpp in Sources */,
			);
			runOnlyForDeploymentPostprocessing = 0;
		};
/* End PBXSourcesBuildPhase section */

/* Begin XCBuildConfiguration section */
		839798B51C817402000A261C /* Debug */ = {
			isa = XCBuildConfiguration;
			buildSettings = {
				ALWAYS_SEARCH_USER_PATHS = NO;
				CLANG_CXX_LANGUAGE_STANDARD = "c++14";
				CLANG_CXX_LIBRARY = "libc++";
				CLANG_ENABLE_MODULES = YES;
				CLANG_ENABLE_OBJC_ARC = YES;
				CLANG_WARN_BOOL_CONVERSION = YES;
				CLANG_WARN_CONSTANT_CONVERSION = YES;
				CLANG_WARN_DIRECT_OBJC_ISA_USAGE = YES_ERROR;
				CLANG_WARN_EMPTY_BODY = YES;
				CLANG_WARN_ENUM_CONVERSION = YES;
				CLANG_WARN_INT_CONVERSION = YES;
				CLANG_WARN_OBJC_ROOT_CLASS = YES_ERROR;
				CLANG_WARN_UNREACHABLE_CODE = YES;
				CLANG_WARN__DUPLICATE_METHOD_MATCH = YES;
				CODE_SIGN_IDENTITY = "-";
				DEAD_CODE_STRIPPING = YES;
				DEBUG_INFORMATION_FORMAT = dwarf;
				DEPLOYMENT_POSTPROCESSING = YES;
				ENABLE_STRICT_OBJC_MSGSEND = YES;
				ENABLE_TESTABILITY = YES;
				GCC_C_LANGUAGE_STANDARD = gnu99;
				GCC_DYNAMIC_NO_PIC = NO;
				GCC_NO_COMMON_BLOCKS = YES;
				GCC_OPTIMIZATION_LEVEL = 0;
				GCC_PREPROCESSOR_DEFINITIONS = (
					"DEBUG=1",
					"$(inherited)",
				);
				GCC_WARN_64_TO_32_BIT_CONVERSION = YES;
				GCC_WARN_ABOUT_RETURN_TYPE = YES_ERROR;
				GCC_WARN_UNDECLARED_SELECTOR = YES;
				GCC_WARN_UNINITIALIZED_AUTOS = YES_AGGRESSIVE;
				GCC_WARN_UNUSED_FUNCTION = YES;
				GCC_WARN_UNUSED_VARIABLE = YES;
				HEADER_SEARCH_PATHS = "/Users/jtlim/Source/Web/pcre-8.38";
				MACOSX_DEPLOYMENT_TARGET = 10.11;
				ONLY_ACTIVE_ARCH = YES;
				SDKROOT = macosx;
				SEPARATE_STRIP = YES;
				USER_HEADER_SEARCH_PATHS = /Users/jtlim/Source/Personal;
			};
			name = Debug;
		};
		839798B61C817402000A261C /* Release */ = {
			isa = XCBuildConfiguration;
			buildSettings = {
				ALWAYS_SEARCH_USER_PATHS = NO;
				CLANG_CXX_LANGUAGE_STANDARD = "c++14";
				CLANG_CXX_LIBRARY = "libc++";
				CLANG_ENABLE_MODULES = YES;
				CLANG_ENABLE_OBJC_ARC = YES;
				CLANG_WARN_BOOL_CONVERSION = YES;
				CLANG_WARN_CONSTANT_CONVERSION = YES;
				CLANG_WARN_DIRECT_OBJC_ISA_USAGE = YES_ERROR;
				CLANG_WARN_EMPTY_BODY = YES;
				CLANG_WARN_ENUM_CONVERSION = YES;
				CLANG_WARN_INT_CONVERSION = YES;
				CLANG_WARN_OBJC_ROOT_CLASS = YES_ERROR;
				CLANG_WARN_UNREACHABLE_CODE = YES;
				CLANG_WARN__DUPLICATE_METHOD_MATCH = YES;
				CODE_SIGN_IDENTITY = "-";
				DEAD_CODE_STRIPPING = YES;
				DEBUG_INFORMATION_FORMAT = "dwarf-with-dsym";
				DEPLOYMENT_POSTPROCESSING = YES;
				ENABLE_NS_ASSERTIONS = NO;
				ENABLE_STRICT_OBJC_MSGSEND = YES;
				GCC_C_LANGUAGE_STANDARD = gnu99;
				GCC_NO_COMMON_BLOCKS = YES;
				GCC_WARN_64_TO_32_BIT_CONVERSION = YES;
				GCC_WARN_ABOUT_RETURN_TYPE = YES_ERROR;
				GCC_WARN_UNDECLARED_SELECTOR = YES;
				GCC_WARN_UNINITIALIZED_AUTOS = YES_AGGRESSIVE;
				GCC_WARN_UNUSED_FUNCTION = YES;
				GCC_WARN_UNUSED_VARIABLE = YES;
				HEADER_SEARCH_PATHS = "/Users/jtlim/Source/Web/pcre-8.38";
				MACOSX_DEPLOYMENT_TARGET = 10.11;
				ONLY_ACTIVE_ARCH = YES;
				SDKROOT = macosx;
				SEPARATE_STRIP = YES;
				USER_HEADER_SEARCH_PATHS = /Users/jtlim/Source/Personal;
			};
			name = Release;
		};
		839798B81C817402000A261C /* Debug */ = {
			isa = XCBuildConfiguration;
			buildSettings = {
				PRODUCT_NAME = "$(TARGET_NAME)";
			};
			name = Debug;
		};
		839798B91C817402000A261C /* Release */ = {
			isa = XCBuildConfiguration;
			buildSettings = {
				PRODUCT_NAME = "$(TARGET_NAME)";
			};
			name = Release;
		};
		839799081C817A5F000A261C /* Final */ = {
			isa = XCBuildConfiguration;
			buildSettings = {
				ALWAYS_SEARCH_USER_PATHS = NO;
				CLANG_CXX_LANGUAGE_STANDARD = "c++14";
				CLANG_CXX_LIBRARY = "libc++";
				CLANG_ENABLE_MODULES = YES;
				CLANG_ENABLE_OBJC_ARC = YES;
				CLANG_WARN_BOOL_CONVERSION = YES;
				CLANG_WARN_CONSTANT_CONVERSION = YES;
				CLANG_WARN_DIRECT_OBJC_ISA_USAGE = YES_ERROR;
				CLANG_WARN_EMPTY_BODY = YES;
				CLANG_WARN_ENUM_CONVERSION = YES;
				CLANG_WARN_INT_CONVERSION = YES;
				CLANG_WARN_OBJC_ROOT_CLASS = YES_ERROR;
				CLANG_WARN_UNREACHABLE_CODE = YES;
				CLANG_WARN__DUPLICATE_METHOD_MATCH = YES;
				CODE_SIGN_IDENTITY = "-";
				DEAD_CODE_STRIPPING = YES;
				DEBUG_INFORMATION_FORMAT = "dwarf-with-dsym";
				DEPLOYMENT_POSTPROCESSING = YES;
				ENABLE_NS_ASSERTIONS = NO;
				ENABLE_STRICT_OBJC_MSGSEND = YES;
				GCC_C_LANGUAGE_STANDARD = gnu99;
				GCC_NO_COMMON_BLOCKS = YES;
				GCC_WARN_64_TO_32_BIT_CONVERSION = YES;
				GCC_WARN_ABOUT_RETURN_TYPE = YES_ERROR;
				GCC_WARN_UNDECLARED_SELECTOR = YES;
				GCC_WARN_UNINITIALIZED_AUTOS = YES_AGGRESSIVE;
				GCC_WARN_UNUSED_FUNCTION = YES;
				GCC_WARN_UNUSED_VARIABLE = YES;
				HEADER_SEARCH_PATHS = "/Users/jtlim/Source/Web/pcre-8.38";
				MACOSX_DEPLOYMENT_TARGET = 10.11;
				ONLY_ACTIVE_ARCH = YES;
				SDKROOT = macosx;
				SEPARATE_STRIP = YES;
				USER_HEADER_SEARCH_PATHS = /Users/jtlim/Source/Personal;
			};
			name = Final;
		};
		839799091C817A5F000A261C /* Final */ = {
			isa = XCBuildConfiguration;
			buildSettings = {
				PRODUCT_NAME = "$(TARGET_NAME)";
			};
			name = Final;
		};
/* End XCBuildConfiguration section */

/* Begin XCConfigurationList section */
		839798AB1C817402000A261C /* Build configuration list for PBXProject "ag" */ = {
			isa = XCConfigurationList;
			buildConfigurations = (
				839798B51C817402000A261C /* Debug */,
				839798B61C817402000A261C /* Release */,
				839799081C817A5F000A261C /* Final */,
			);
			defaultConfigurationIsVisible = 0;
			defaultConfigurationName = Release;
		};
		839798B71C817402000A261C /* Build configuration list for PBXNativeTarget "ag" */ = {
			isa = XCConfigurationList;
			buildConfigurations = (
				839798B81C817402000A261C /* Debug */,
				839798B91C817402000A261C /* Release */,
				839799091C817A5F000A261C /* Final */,
			);
			defaultConfigurationIsVisible = 0;
			defaultConfigurationName = Release;
		};
/* End XCConfigurationList section */
	};
	rootObject = 839798A81C817402000A261C /* Project object */;
}
